Microsoft Visual Studio Solution File, Format Version 11.00
# Visual Studio 2010
Project("{FAE04EC0-301F-11D3-BF4B-00C04F79EFBC}") = "Model", "Model\Model.csproj", "{53995DBB-9836-4647-AD22-865884FDEB9E}"
EndProject
Project("{FAE04EC0-301F-11D3-BF4B-00C04F79EFBC}") = "PrintStroe", "PrintStroe\PrintStroe.csproj", "{8B00FA78-FE5A-46B3-9A31-C6170DBCBE0B}"
	ProjectSection(ProjectDependencies) = postProject
		{7F804E72-CDF7-4EA4-9CF6-65C91C4A53BD} = {7F804E72-CDF7-4EA4-9CF6-65C91C4A53BD}
		{53995DBB-9836-4647-AD22-865884FDEB9E} = {53995DBB-9836-4647-AD22-865884FDEB9E}
	EndProjectSection
EndProject
Project("{FAE04EC0-301F-11D3-BF4B-00C04F79EFBC}") = "DataSource", "DataModel\DataSource.csproj", "{7F804E72-CDF7-4EA4-9CF6-65C91C4A53BD}"
EndProject
Project("{FAE04EC0-301F-11D3-BF4B-00C04F79EFBC}") = "Report", "Report\Report.csproj", "{1F3FF281-24E4-416E-A512-DB024248487C}"
EndProject
Project("{FAE04EC0-301F-11D3-BF4B-00C04F79EFBC}") = "OrderInput", "OrderInput\OrderInput.csproj", "{237490D4-D4D9-4D50-9BC3-10FEEF5007DC}"
	ProjectSection(ProjectDependencies) = postProject
		{7F804E72-CDF7-4EA4-9CF6-65C91C4A53BD} = {7F804E72-CDF7-4EA4-9CF6-65C91C4A53BD}
	EndProjectSection
EndProject
Global
	GlobalSection(SolutionConfigurationPlatforms) = preSolution
		Debug|.NET = Debug|.NET
		Debug|Any CPU = Debug|Any CPU
		Debug|Mixed Platforms = Debug|Mixed Platforms
		Debug|x86 = Debug|x86
		Release|.NET = Release|.NET
		Release|Any CPU = Release|Any CPU
		Release|Mixed Platforms = Release|Mixed Platforms
		Release|x86 = Release|x86
	EndGlobalSection
	GlobalSection(ProjectConfigurationPlatforms) = postSolution
		{53995DBB-9836-4647-AD22-865884FDEB9E}.Debug|.NET.ActiveCfg = Debug|Any CPU
		{53995DBB-9836-4647-AD22-865884FDEB9E}.Debug|Any CPU.ActiveCfg = Debug|Any CPU
		{53995DBB-9836-4647-AD22-865884FDEB9E}.Debug|Any CPU.Build.0 = Debug|Any CPU
		{53995DBB-9836-4647-AD22-865884FDEB9E}.Debug|Mixed Platforms.ActiveCfg = Debug|Any CPU
		{53995DBB-9836-4647-AD22-865884FDEB9E}.Debug|Mixed Platforms.Build.0 = Debug|Any CPU
		{53995DBB-9836-4647-AD22-865884FDEB9E}.Debug|x86.ActiveCfg = Debug|Any CPU
		{53995DBB-9836-4647-AD22-865884FDEB9E}.Release|.NET.ActiveCfg = Release|Any CPU
		{53995DBB-9836-4647-AD22-865884FDEB9E}.Release|Any CPU.ActiveCfg = Release|Any CPU
		{53995DBB-9836-4647-AD22-865884FDEB9E}.Release|Any CPU.Build.0 = Release|Any CPU
		{53995DBB-9836-4647-AD22-865884FDEB9E}.Release|Mixed Platforms.ActiveCfg = Release|Any CPU
		{53995DBB-9836-4647-AD22-865884FDEB9E}.Release|Mixed Platforms.Build.0 = Release|Any CPU
		{53995DBB-9836-4647-AD22-865884FDEB9E}.Release|x86.ActiveCfg = Release|Any CPU
		{8B00FA78-FE5A-46B3-9A31-C6170DBCBE0B}.Debug|.NET.ActiveCfg = Debug|x86
		{8B00FA78-FE5A-46B3-9A31-C6170DBCBE0B}.Debug|Any CPU.ActiveCfg = Debug|x86
		{8B00FA78-FE5A-46B3-9A31-C6170DBCBE0B}.Debug|Mixed Platforms.ActiveCfg = Debug|x86
		{8B00FA78-FE5A-46B3-9A31-C6170DBCBE0B}.Debug|Mixed Platforms.Build.0 = Debug|x86
		{8B00FA78-FE5A-46B3-9A31-C6170DBCBE0B}.Debug|x86.ActiveCfg = Debug|x86
		{8B00FA78-FE5A-46B3-9A31-C6170DBCBE0B}.Debug|x86.Build.0 = Debug|x86
		{8B00FA78-FE5A-46B3-9A31-C6170DBCBE0B}.Release|.NET.ActiveCfg = Release|x86
		{8B00FA78-FE5A-46B3-9A31-C6170DBCBE0B}.Release|Any CPU.ActiveCfg = Release|x86
		{8B00FA78-FE5A-46B3-9A31-C6170DBCBE0B}.Release|Mixed Platforms.ActiveCfg = Release|x86
		{8B00FA78-FE5A-46B3-9A31-C6170DBCBE0B}.Release|Mixed Platforms.Build.0 = Release|x86
		{8B00FA78-FE5A-46B3-9A31-C6170DBCBE0B}.Release|x86.ActiveCfg = Release|x86
		{8B00FA78-FE5A-46B3-9A31-C6170DBCBE0B}.Release|x86.Build.0 = Release|x86
		{7F804E72-CDF7-4EA4-9CF6-65C91C4A53BD}.Debug|.NET.ActiveCfg = Debug|Any CPU
		{7F804E72-CDF7-4EA4-9CF6-65C91C4A53BD}.Debug|Any CPU.ActiveCfg = Debug|Any CPU
		{7F804E72-CDF7-4EA4-9CF6-65C91C4A53BD}.Debug|Any CPU.Build.0 = Debug|Any CPU
		{7F804E72-CDF7-4EA4-9CF6-65C91C4A53BD}.Debug|Mixed Platforms.ActiveCfg = Debug|Any CPU
		{7F804E72-CDF7-4EA4-9CF6-65C91C4A53BD}.Debug|Mixed Platforms.Build.0 = Debug|Any CPU
		{7F804E72-CDF7-4EA4-9CF6-65C91C4A53BD}.Debug|x86.ActiveCfg = Debug|Any CPU
		{7F804E72-CDF7-4EA4-9CF6-65C91C4A53BD}.Release|.NET.ActiveCfg = Release|Any CPU
		{7F804E72-CDF7-4EA4-9CF6-65C91C4A53BD}.Release|Any CPU.ActiveCfg = Release|Any CPU
		{7F804E72-CDF7-4EA4-9CF6-65C91C4A53BD}.Release|Any CPU.Build.0 = Release|Any CPU
		{7F804E72-CDF7-4EA4-9CF6-65C91C4A53BD}.Release|Mixed Platforms.ActiveCfg = Release|Any CPU
		{7F804E72-CDF7-4EA4-9CF6-65C91C4A53BD}.Release|Mixed Platforms.Build.0 = Release|Any CPU
		{7F804E72-CDF7-4EA4-9CF6-65C91C4A53BD}.Release|x86.ActiveCfg = Release|Any CPU
		{1F3FF281-24E4-416E-A512-DB024248487C}.Debug|.NET.ActiveCfg = Debug|x86
		{1F3FF281-24E4-416E-A512-DB024248487C}.Debug|Any CPU.ActiveCfg = Debug|x86
		{1F3FF281-24E4-416E-A512-DB024248487C}.Debug|Mixed Platforms.ActiveCfg = Debug|x86
		{1F3FF281-24E4-416E-A512-DB024248487C}.Debug|Mixed Platforms.Build.0 = Debug|x86
		{1F3FF281-24E4-416E-A512-DB024248487C}.Debug|x86.ActiveCfg = Debug|x86
		{1F3FF281-24E4-416E-A512-DB024248487C}.Debug|x86.Build.0 = Debug|x86
		{1F3FF281-24E4-416E-A512-DB024248487C}.Release|.NET.ActiveCfg = Release|x86
		{1F3FF281-24E4-416E-A512-DB024248487C}.Release|Any CPU.ActiveCfg = Release|x86
		{1F3FF281-24E4-416E-A512-DB024248487C}.Release|Mixed Platforms.ActiveCfg = Release|x86
		{1F3FF281-24E4-416E-A512-DB024248487C}.Release|Mixed Platforms.Build.0 = Release|x86
		{1F3FF281-24E4-416E-A512-DB024248487C}.Release|x86.ActiveCfg = Release|x86
		{1F3FF281-24E4-416E-A512-DB024248487C}.Release|x86.Build.0 = Release|x86
		{237490D4-D4D9-4D50-9BC3-10FEEF5007DC}.Debug|.NET.ActiveCfg = Debug|x86
		{237490D4-D4D9-4D50-9BC3-10FEEF5007DC}.Debug|Any CPU.ActiveCfg = Debug|x86
		{237490D4-D4D9-4D50-9BC3-10FEEF5007DC}.Debug|Mixed Platforms.ActiveCfg = Debug|x86
		{237490D4-D4D9-4D50-9BC3-10FEEF5007DC}.Debug|Mixed Platforms.Build.0 = Debug|x86
		{237490D4-D4D9-4D50-9BC3-10FEEF5007DC}.Debug|x86.ActiveCfg = Debug|x86
		{237490D4-D4D9-4D50-9BC3-10FEEF5007DC}.Debug|x86.Build.0 = Debug|x86
		{237490D4-D4D9-4D50-9BC3-10FEEF5007DC}.Release|.NET.ActiveCfg = Release|x86
		{237490D4-D4D9-4D50-9BC3-10FEEF5007DC}.Release|Any CPU.ActiveCfg = Release|x86
		{237490D4-D4D9-4D50-9BC3-10FEEF5007DC}.Release|Mixed Platforms.ActiveCfg = Release|x86
		{237490D4-D4D9-4D50-9BC3-10FEEF5007DC}.Release|Mixed Platforms.Build.0 = Release|x86
		{237490D4-D4D9-4D50-9BC3-10FEEF5007DC}.Release|x86.ActiveCfg = Release|x86
		{237490D4-D4D9-4D50-9BC3-10FEEF5007DC}.Release|x86.Build.0 = Release|x86
	EndGlobalSection
	GlobalSection(SolutionProperties) = preSolution
		HideSolutionNode = FALSE
	EndGlobalSection
EndGlobal
